
Microsoft Visual Studio Solution File, Format Version 12.00
# Visual Studio Version 17
VisualStudioVersion = 17.11.35312.102
MinimumVisualStudioVersion = 10.0.40219.1
Project("{FAE04EC0-301F-11D3-BF4B-00C04F79EFBC}") = "SWAS", "SWAS\SWAS.csproj", "{626E0875-1A6C-4DB5-81E2-D520033B59F9}"
EndProject
Global
	GlobalSection(SolutionConfigurationPlatforms) = preSolution
		Debug|Any CPU = Debug|Any CPU
		Release|Any CPU = Release|Any CPU
	EndGlobalSection
	GlobalSection(ProjectConfigurationPlatforms) = postSolution
		{626E0875-1A6C-4DB5-81E2-D520033B59F9}.Debug|Any CPU.ActiveCfg = Debug|Any CPU
		{626E0875-1A6C-4DB5-81E2-D520033B59F9}.Debug|Any CPU.Build.0 = Debug|Any CPU
		{626E0875-1A6C-4DB5-81E2-D520033B59F9}.Release|Any CPU.ActiveCfg = Release|Any CPU
		{626E0875-1A6C-4DB5-81E2-D520033B59F9}.Release|Any CPU.Build.0 = Release|Any CPU
	EndGlobalSection
	GlobalSection(SolutionProperties) = preSolution
		HideSolutionNode = FALSE
	EndGlobalSection
	GlobalSection(ExtensibilityGlobals) = postSolution
		SolutionGuid = {36624539-777D-4B10-8BCA-A96052A5267E}
	EndGlobalSection
EndGlobal
